
Microsoft Visual Studio Solution File, Format Version 12.00
# Visual Studio Version 17
VisualStudioVersion = 17.0.31903.59
MinimumVisualStudioVersion = 10.0.40219.1
Project("{FAE04EC0-301F-11D3-BF4B-00C04F79EFBC}") = "TaskFlow.API", "TaskFlow.API\TaskFlow.API.csproj", "{130E044C-45D6-44AA-9B35-4F2373D94E37}"
EndProject
Project("{FAE04EC0-301F-11D3-BF4B-00C04F79EFBC}") = "TaskFlow.Model", "TaskFlow.Model\TaskFlow.Model.csproj", "{15A03CC6-BD13-40D1-8185-F2CD808F3999}"
EndProject
Global
	GlobalSection(SolutionConfigurationPlatforms) = preSolution
		Debug|Any CPU = Debug|Any CPU
		Debug|x64 = Debug|x64
		Debug|x86 = Debug|x86
		Release|Any CPU = Release|Any CPU
		Release|x64 = Release|x64
		Release|x86 = Release|x86
	EndGlobalSection
	GlobalSection(ProjectConfigurationPlatforms) = postSolution
		{130E044C-45D6-44AA-9B35-4F2373D94E37}.Debug|Any CPU.ActiveCfg = Debug|Any CPU
		{130E044C-45D6-44AA-9B35-4F2373D94E37}.Debug|Any CPU.Build.0 = Debug|Any CPU
		{130E044C-45D6-44AA-9B35-4F2373D94E37}.Debug|x64.ActiveCfg = Debug|Any CPU
		{130E044C-45D6-44AA-9B35-4F2373D94E37}.Debug|x64.Build.0 = Debug|Any CPU
		{130E044C-45D6-44AA-9B35-4F2373D94E37}.Debug|x86.ActiveCfg = Debug|Any CPU
		{130E044C-45D6-44AA-9B35-4F2373D94E37}.Debug|x86.Build.0 = Debug|Any CPU
		{130E044C-45D6-44AA-9B35-4F2373D94E37}.Release|Any CPU.ActiveCfg = Release|Any CPU
		{130E044C-45D6-44AA-9B35-4F2373D94E37}.Release|Any CPU.Build.0 = Release|Any CPU
		{130E044C-45D6-44AA-9B35-4F2373D94E37}.Release|x64.ActiveCfg = Release|Any CPU
		{130E044C-45D6-44AA-9B35-4F2373D94E37}.Release|x64.Build.0 = Release|Any CPU
		{130E044C-45D6-44AA-9B35-4F2373D94E37}.Release|x86.ActiveCfg = Release|Any CPU
		{130E044C-45D6-44AA-9B35-4F2373D94E37}.Release|x86.Build.0 = Release|Any CPU
		{15A03CC6-BD13-40D1-8185-F2CD808F3999}.Debug|Any CPU.ActiveCfg = Debug|Any CPU
		{15A03CC6-BD13-40D1-8185-F2CD808F3999}.Debug|Any CPU.Build.0 = Debug|Any CPU
		{15A03CC6-BD13-40D1-8185-F2CD808F3999}.Debug|x64.ActiveCfg = Debug|Any CPU
		{15A03CC6-BD13-40D1-8185-F2CD808F3999}.Debug|x64.Build.0 = Debug|Any CPU
		{15A03CC6-BD13-40D1-8185-F2CD808F3999}.Debug|x86.ActiveCfg = Debug|Any CPU
		{15A03CC6-BD13-40D1-8185-F2CD808F3999}.Debug|x86.Build.0 = Debug|Any CPU
		{15A03CC6-BD13-40D1-8185-F2CD808F3999}.Release|Any CPU.ActiveCfg = Release|Any CPU
		{15A03CC6-BD13-40D1-8185-F2CD808F3999}.Release|Any CPU.Build.0 = Release|Any CPU
		{15A03CC6-BD13-40D1-8185-F2CD808F3999}.Release|x64.ActiveCfg = Release|Any CPU
		{15A03CC6-BD13-40D1-8185-F2CD808F3999}.Release|x64.Build.0 = Release|Any CPU
		{15A03CC6-BD13-40D1-8185-F2CD808F3999}.Release|x86.ActiveCfg = Release|Any CPU
		{15A03CC6-BD13-40D1-8185-F2CD808F3999}.Release|x86.Build.0 = Release|Any CPU
	EndGlobalSection
	GlobalSection(SolutionProperties) = preSolution
		HideSolutionNode = FALSE
	EndGlobalSection
EndGlobal
